{
    "name": "@eagleoutice/flowr-benchmark",
    "version": "0.0.1",
    "lockfileVersion": 3,
    "requires": true,
    "packages": {
        "": {
            "name": "@eagleoutice/flowr-benchmark",
            "version": "0.0.1",
            "license": "ISC",
            "dependencies": {
                "@eagleoutice/flowr": "file:../src"
            }
        },
        "../src": {},
        "node_modules/@eagleoutice/flowr": {
            "resolved": "../src",
            "link": true
        }
    }
}
