{
    "name": "@eagleoutice/flowr-cli",
    "version": "0.0.1",
    "lockfileVersion": 3,
    "requires": true,
    "packages": {
        "": {
            "name": "@eagleoutice/flowr-cli",
            "version": "0.0.1",
            "license": "ISC",
            "dependencies": {
                "@eagleoutice/flowr": "file:../src",
                "@eagleoutice/flowr-benchmark": "file:../benchmark/src",
                "@eagleoutice/flowr-statistics": "file:../statistics/src"
            },
            "engines": {
                "node": ">=16.0.0"
            }
        },
        "../benchmark/src": {},
        "../src": {},
        "../statistics/src": {},
        "node_modules/@eagleoutice/flowr": {
            "resolved": "../src",
            "link": true
        },
        "node_modules/@eagleoutice/flowr-benchmark": {
            "resolved": "../benchmark/src",
            "link": true
        },
        "node_modules/@eagleoutice/flowr-statistics": {
            "resolved": "../statistics/src",
            "link": true
        }
    }
}
